
Microsoft Visual Studio Solution File, Format Version 12.00
# Visual Studio Version 17
VisualStudioVersion = 17.4.33213.308
MinimumVisualStudioVersion = 10.0.40219.1
Project("{FAE04EC0-301F-11D3-BF4B-00C04F79EFBC}") = "TextBlockSample", "TextBlockSample\TextBlockSample.csproj", "{B09BBD26-1DAC-40D4-AF2E-1B9B40AA49FD}"
EndProject
Global
	GlobalSection(SolutionConfigurationPlatforms) = preSolution
		Debug|Any CPU = Debug|Any CPU
		Release|Any CPU = Release|Any CPU
	EndGlobalSection
	GlobalSection(ProjectConfigurationPlatforms) = postSolution
		{B09BBD26-1DAC-40D4-AF2E-1B9B40AA49FD}.Debug|Any CPU.ActiveCfg = Debug|Any CPU
		{B09BBD26-1DAC-40D4-AF2E-1B9B40AA49FD}.Debug|Any CPU.Build.0 = Debug|Any CPU
		{B09BBD26-1DAC-40D4-AF2E-1B9B40AA49FD}.Release|Any CPU.ActiveCfg = Release|Any CPU
		{B09BBD26-1DAC-40D4-AF2E-1B9B40AA49FD}.Release|Any CPU.Build.0 = Release|Any CPU
	EndGlobalSection
	GlobalSection(SolutionProperties) = preSolution
		HideSolutionNode = FALSE
	EndGlobalSection
	GlobalSection(ExtensibilityGlobals) = postSolution
		SolutionGuid = {3976EAFE-E52E-4848-80CF-D391C17B11AD}
	EndGlobalSection
EndGlobal
