
Microsoft Visual Studio Solution File, Format Version 12.00
# Visual Studio Version 17
VisualStudioVersion = 17.4.33213.308
MinimumVisualStudioVersion = 10.0.40219.1
Project("{FAE04EC0-301F-11D3-BF4B-00C04F79EFBC}") = "ToolTipsSample", "ToolTipsSample\ToolTipsSample.csproj", "{6176F0F0-5AAE-4CFC-89D0-28FBE9C008D7}"
EndProject
Global
	GlobalSection(SolutionConfigurationPlatforms) = preSolution
		Debug|Any CPU = Debug|Any CPU
		Release|Any CPU = Release|Any CPU
	EndGlobalSection
	GlobalSection(ProjectConfigurationPlatforms) = postSolution
		{6176F0F0-5AAE-4CFC-89D0-28FBE9C008D7}.Debug|Any CPU.ActiveCfg = Debug|Any CPU
		{6176F0F0-5AAE-4CFC-89D0-28FBE9C008D7}.Debug|Any CPU.Build.0 = Debug|Any CPU
		{6176F0F0-5AAE-4CFC-89D0-28FBE9C008D7}.Release|Any CPU.ActiveCfg = Release|Any CPU
		{6176F0F0-5AAE-4CFC-89D0-28FBE9C008D7}.Release|Any CPU.Build.0 = Release|Any CPU
	EndGlobalSection
	GlobalSection(SolutionProperties) = preSolution
		HideSolutionNode = FALSE
	EndGlobalSection
	GlobalSection(ExtensibilityGlobals) = postSolution
		SolutionGuid = {4B1DF2EC-7F84-41A9-92AA-76A6C94AAA31}
	EndGlobalSection
EndGlobal
